
Microsoft Visual Studio Solution File, Format Version 12.00
# Visual Studio Version 17
VisualStudioVersion = 17.5.002.0
MinimumVisualStudioVersion = 10.0.40219.1
Project("{9A19103F-16F7-4668-BE54-9A1E7A4F7556}") = "Reto5", "Reto5.csproj", "{21109D4F-435C-4B8B-B3D7-35B28E44209E}"
EndProject
Global
	GlobalSection(SolutionConfigurationPlatforms) = preSolution
		Debug|Any CPU = Debug|Any CPU
		Release|Any CPU = Release|Any CPU
	EndGlobalSection
	GlobalSection(ProjectConfigurationPlatforms) = postSolution
		{21109D4F-435C-4B8B-B3D7-35B28E44209E}.Debug|Any CPU.ActiveCfg = Debug|Any CPU
		{21109D4F-435C-4B8B-B3D7-35B28E44209E}.Debug|Any CPU.Build.0 = Debug|Any CPU
		{21109D4F-435C-4B8B-B3D7-35B28E44209E}.Release|Any CPU.ActiveCfg = Release|Any CPU
		{21109D4F-435C-4B8B-B3D7-35B28E44209E}.Release|Any CPU.Build.0 = Release|Any CPU
	EndGlobalSection
	GlobalSection(SolutionProperties) = preSolution
		HideSolutionNode = FALSE
	EndGlobalSection
	GlobalSection(ExtensibilityGlobals) = postSolution
		SolutionGuid = {9964D300-8207-4C87-9FE6-605947B786AE}
	EndGlobalSection
EndGlobal
